
Microsoft Visual Studio Solution File, Format Version 12.00
# Visual Studio Version 17
VisualStudioVersion = 17.9.34701.34
MinimumVisualStudioVersion = 10.0.40219.1
Project("{9A19103F-16F7-4668-BE54-9A1E7A4F7556}") = "loretta-asp-api", "loretta-asp-api.csproj", "{D2AA8B8B-CE03-4E80-B9C6-85440AA601E7}"
EndProject
Global
	GlobalSection(SolutionConfigurationPlatforms) = preSolution
		Debug|Any CPU = Debug|Any CPU
		Release|Any CPU = Release|Any CPU
	EndGlobalSection
	GlobalSection(ProjectConfigurationPlatforms) = postSolution
		{D2AA8B8B-CE03-4E80-B9C6-85440AA601E7}.Debug|Any CPU.ActiveCfg = Debug|Any CPU
		{D2AA8B8B-CE03-4E80-B9C6-85440AA601E7}.Debug|Any CPU.Build.0 = Debug|Any CPU
		{D2AA8B8B-CE03-4E80-B9C6-85440AA601E7}.Release|Any CPU.ActiveCfg = Release|Any CPU
		{D2AA8B8B-CE03-4E80-B9C6-85440AA601E7}.Release|Any CPU.Build.0 = Release|Any CPU
	EndGlobalSection
	GlobalSection(SolutionProperties) = preSolution
		HideSolutionNode = FALSE
	EndGlobalSection
	GlobalSection(ExtensibilityGlobals) = postSolution
		SolutionGuid = {8C564875-7A8B-4972-AB14-3EC222625391}
	EndGlobalSection
EndGlobal
